{
    "hash": "8f33bc27a7eb6e0fbb3138f84a293400",
    "packages": [
        {
            "name": "composer/composer",
            "version": "dev-master",
            "source": {
                "type": "git",
                "url": "https://github.com/composer/composer",
                "reference": "48b7e329c197ed4e6006575d9a0a30ef9582bc60"
            },
            "dist": {
                "type": "zip",
                "url": "https://github.com/composer/composer/zipball/48b7e329c197ed4e6006575d9a0a30ef9582bc60",
                "reference": "48b7e329c197ed4e6006575d9a0a30ef9582bc60",
                "shasum": ""
            },
            "require": {
                "justinrainbow/json-schema": "1.1.*",
                "seld/jsonlint": "1.*",
                "php": ">=5.3.2",
                "symfony/console": ">=2.1,<3.0",
                "symfony/finder": ">=2.1,<3.0",
                "symfony/process": ">=2.1,<3.0"
            },
            "suggest": {
                "ext-zip": "Enabling the zip extension allows you to unzip archives, and allows gzip compression of all internet traffic",
                "ext-openssl": "Enabling the openssl extension allows you to access https URLs for repositories and packages"
            },
            "time": "1351066960",
            "bin": [
                "bin/composer"
            ],
            "type": "library",
            "extra": {
                "branch-alias": {
                    "dev-master": "1.0-dev"
                }
            },
            "installation-source": "source",
            "autoload": {
                "psr-0": {
                    "Composer": "src/"
                }
            },
            "license": [
                "MIT"
            ],
            "authors": [
                {
                    "name": "Jordi Boggiano",
                    "email": "j.boggiano@seld.be",
                    "homepage": "http://seld.be",
                    "role": "Developer"
                },
                {
                    "name": "Nils Adermann",
                    "email": "naderman@naderman.de",
                    "homepage": "http://www.naderman.de"
                }
            ],
            "description": "Package Manager",
            "homepage": "http://getcomposer.org/",
            "keywords": [
                "package",
                "dependency",
                "autoload"
            ]
        },
        {
            "name": "composer/satis",
            "version": "dev-master",
            "source": {
                "type": "git",
                "url": "https://github.com/composer/satis",
                "reference": "cd531ffab95b0327105d9cff27f10895e006a0c3"
            },
            "dist": {
                "type": "zip",
                "url": "https://github.com/composer/satis/zipball/cd531ffab95b0327105d9cff27f10895e006a0c3",
                "reference": "cd531ffab95b0327105d9cff27f10895e006a0c3",
                "shasum": ""
            },
            "require": {
                "php": ">=5.3.2",
                "symfony/console": "2.1.*",
                "symfony/process": "2.1.*",
                "composer/composer": "dev-master",
                "twig/twig": ">=1.7.0"
            },
            "time": "1350577270",
            "bin": [
                "bin/satis"
            ],
            "type": "library",
            "installation-source": "source",
            "autoload": {
                "psr-0": {
                    "Composer\\Satis": "src/"
                }
            },
            "license": [
                "MIT"
            ],
            "authors": [
                {
                    "name": "Jordi Boggiano",
                    "email": "j.boggiano@seld.be",
                    "homepage": "http://seld.be",
                    "role": "Developer"
                },
                {
                    "name": "Nils Adermann",
                    "email": "naderman@naderman.de",
                    "homepage": "http://www.naderman.de"
                }
            ],
            "description": "Simple Repository Generator",
            "homepage": "https://github.com/composer/satis",
            "keywords": [
                "generator",
                "package",
                "repository"
            ]
        },
        {
            "name": "justinrainbow/json-schema",
            "version": "1.1.0",
            "source": {
                "type": "git",
                "url": "git://github.com/justinrainbow/json-schema.git",
                "reference": "v1.1.0"
            },
            "dist": {
                "type": "zip",
                "url": "https://github.com/justinrainbow/json-schema/zipball/v1.1.0",
                "reference": "v1.1.0",
                "shasum": ""
            },
            "require": {
                "php": ">=5.3.0"
            },
            "time": "2012-01-02 16:33:17",
            "type": "library",
            "installation-source": "dist",
            "autoload": {
                "psr-0": {
                    "JsonSchema": "src/"
                }
            },
            "license": [
                "NewBSD"
            ],
            "authors": [
                {
                    "name": "Igor Wiedler",
                    "email": "igor@wiedler.ch",
                    "homepage": "http://wiedler.ch/igor/"
                },
                {
                    "name": "Bruno Prieto Reis",
                    "email": "bruno.p.reis@gmail.com"
                },
                {
                    "name": "Justin Rainbow",
                    "email": "justin.rainbow@gmail.com"
                },
                {
                    "name": "Robert Schönthal",
                    "email": "seroscho@googlemail.com",
                    "homepage": "http://digitalkaoz.net"
                }
            ],
            "description": "A library to validate a json schema.",
            "homepage": "https://github.com/justinrainbow/json-schema",
            "keywords": [
                "json",
                "schema"
            ]
        },
        {
            "name": "seld/jsonlint",
            "version": "1.0.0",
            "source": {
                "type": "git",
                "url": "http://github.com/Seldaek/jsonlint",
                "reference": "1.0.0"
            },
            "dist": {
                "type": "zip",
                "url": "https://github.com/Seldaek/jsonlint/zipball/1.0.0",
                "reference": "1.0.0",
                "shasum": ""
            },
            "require": {
                "php": ">=5.3.0"
            },
            "time": "2012-03-12 00:52:32",
            "bin": [
                "bin/jsonlint"
            ],
            "type": "library",
            "installation-source": "dist",
            "autoload": {
                "psr-0": {
                    "Seld\\JsonLint": "src/"
                }
            },
            "license": [
                "MIT"
            ],
            "authors": [
                {
                    "name": "Jordi Boggiano",
                    "email": "j.boggiano@seld.be",
                    "homepage": "http://seld.be",
                    "role": "Developer"
                }
            ],
            "description": "JSON Linter",
            "keywords": [
                "json",
                "parser",
                "linter",
                "validator"
            ]
        },
        {
            "name": "symfony/console",
            "version": "2.1.x-dev",
            "target-dir": "Symfony/Component/Console",
            "source": {
                "type": "git",
                "url": "https://github.com/symfony/Console",
                "reference": "b52c747c551d8d71c02e17853c8f637d8d5e9cef"
            },
            "dist": {
                "type": "zip",
                "url": "https://github.com/symfony/Console/zipball/b52c747c551d8d71c02e17853c8f637d8d5e9cef",
                "reference": "b52c747c551d8d71c02e17853c8f637d8d5e9cef",
                "shasum": ""
            },
            "require": {
                "php": ">=5.3.3"
            },
            "time": "1350717030",
            "type": "library",
            "extra": {
                "branch-alias": {
                    "dev-master": "2.1-dev"
                }
            },
            "installation-source": "source",
            "autoload": {
                "psr-0": {
                    "Symfony\\Component\\Console": ""
                }
            },
            "license": [
                "MIT"
            ],
            "authors": [
                {
                    "name": "Fabien Potencier",
                    "email": "fabien@symfony.com"
                },
                {
                    "name": "Symfony Community",
                    "homepage": "http://symfony.com/contributors"
                }
            ],
            "description": "Symfony Console Component",
            "homepage": "http://symfony.com"
        },
        {
            "name": "symfony/finder",
            "version": "dev-master",
            "target-dir": "Symfony/Component/Finder",
            "source": {
                "type": "git",
                "url": "https://github.com/symfony/Finder",
                "reference": "be47860ddba8647f966c4e5eed06024f31785d43"
            },
            "dist": {
                "type": "zip",
                "url": "https://github.com/symfony/Finder/zipball/be47860ddba8647f966c4e5eed06024f31785d43",
                "reference": "be47860ddba8647f966c4e5eed06024f31785d43",
                "shasum": ""
            },
            "require": {
                "php": ">=5.3.3"
            },
            "time": "1350156028",
            "type": "library",
            "extra": {
                "branch-alias": {
                    "dev-master": "2.2-dev"
                }
            },
            "installation-source": "source",
            "autoload": {
                "psr-0": {
                    "Symfony\\Component\\Finder\\": ""
                }
            },
            "license": [
                "MIT"
            ],
            "authors": [
                {
                    "name": "Fabien Potencier",
                    "email": "fabien@symfony.com"
                },
                {
                    "name": "Symfony Community",
                    "homepage": "http://symfony.com/contributors"
                }
            ],
            "description": "Symfony Finder Component",
            "homepage": "http://symfony.com"
        },
        {
            "name": "symfony/process",
            "version": "2.1.x-dev",
            "target-dir": "Symfony/Component/Process",
            "source": {
                "type": "git",
                "url": "https://github.com/symfony/Process",
                "reference": "6d483356f7496f1305a67f6a50cc33ec900c3930"
            },
            "dist": {
                "type": "zip",
                "url": "https://github.com/symfony/Process/zipball/6d483356f7496f1305a67f6a50cc33ec900c3930",
                "reference": "6d483356f7496f1305a67f6a50cc33ec900c3930",
                "shasum": ""
            },
            "require": {
                "php": ">=5.3.3"
            },
            "time": "1350717030",
            "type": "library",
            "extra": {
                "branch-alias": {
                    "dev-master": "2.1-dev"
                }
            },
            "installation-source": "source",
            "autoload": {
                "psr-0": {
                    "Symfony\\Component\\Process": ""
                }
            },
            "license": [
                "MIT"
            ],
            "authors": [
                {
                    "name": "Fabien Potencier",
                    "email": "fabien@symfony.com"
                },
                {
                    "name": "Symfony Community",
                    "homepage": "http://symfony.com/contributors"
                }
            ],
            "description": "Symfony Process Component",
            "homepage": "http://symfony.com"
        },
        {
            "name": "twig/twig",
            "version": "dev-master",
            "source": {
                "type": "git",
                "url": "git://github.com/fabpot/Twig.git",
                "reference": "61393dc9fb8982110048624aa573aec4aee0b465"
            },
            "dist": {
                "type": "zip",
                "url": "https://github.com/fabpot/Twig/zipball/61393dc9fb8982110048624aa573aec4aee0b465",
                "reference": "61393dc9fb8982110048624aa573aec4aee0b465",
                "shasum": ""
            },
            "require": {
                "php": ">=5.2.4"
            },
            "time": "1350737598",
            "type": "library",
            "extra": {
                "branch-alias": {
                    "dev-master": "1.11-dev"
                }
            },
            "installation-source": "source",
            "autoload": {
                "psr-0": {
                    "Twig_": "lib/"
                }
            },
            "license": [
                "BSD-3"
            ],
            "authors": [
                {
                    "name": "Fabien Potencier",
                    "email": "fabien@symfony.com"
                },
                {
                    "name": "Armin Ronacher",
                    "email": "armin.ronacher@active-4.com"
                }
            ],
            "description": "Twig, the flexible, fast, and secure template language for PHP",
            "homepage": "http://twig.sensiolabs.org",
            "keywords": [
                "templating"
            ]
        }
    ],
    "packages-dev": null,
    "aliases": [

    ],
    "minimum-stability": "dev",
    "stability-flags": {
        "composer/satis": 20
    }
}
